
Microsoft Visual Studio Solution File, Format Version 12.00
# Visual Studio 14
VisualStudioVersion = 14.0.25420.1
MinimumVisualStudioVersion = 10.0.40219.1
Project("{8BC9CEB8-8B4A-11D0-8D11-00A0C91BC942}") = "tool", "tool\tool.vcxproj", "{4D907E24-3CF0-4DD8-9B98-31991323EE02}"
EndProject
Project("{8BC9CEB8-8B4A-11D0-8D11-00A0C91BC942}") = "dump_audio", "dump_audio.vcxproj", "{B4D27076-800C-44F5-8BE2-CB7A650969F4}"
EndProject
Project("{8BC9CEB8-8B4A-11D0-8D11-00A0C91BC942}") = "yo29_c", "yo29_4k\yo29_c.vcxproj", "{6251A0A8-3D3A-43FC-854B-0B517BB1EFBD}"
EndProject
Project("{8BC9CEB8-8B4A-11D0-8D11-00A0C91BC942}") = "yo29_asm", "yo29_4k\yo29_asm.vcxproj", "{AF95D3DD-C930-4615-A703-CBD8F08140BA}"
EndProject
Global
	GlobalSection(SolutionConfigurationPlatforms) = preSolution
		Capture|x86 = Capture|x86
		Debug|x86 = Debug|x86
		Release|x86 = Release|x86
		ReleaseSlow|x86 = ReleaseSlow|x86
	EndGlobalSection
	GlobalSection(ProjectConfigurationPlatforms) = postSolution
		{4D907E24-3CF0-4DD8-9B98-31991323EE02}.Capture|x86.ActiveCfg = Release|Win32
		{4D907E24-3CF0-4DD8-9B98-31991323EE02}.Capture|x86.Build.0 = Release|Win32
		{4D907E24-3CF0-4DD8-9B98-31991323EE02}.Debug|x86.ActiveCfg = Debug|Win32
		{4D907E24-3CF0-4DD8-9B98-31991323EE02}.Debug|x86.Build.0 = Debug|Win32
		{4D907E24-3CF0-4DD8-9B98-31991323EE02}.Release|x86.ActiveCfg = Release|Win32
		{4D907E24-3CF0-4DD8-9B98-31991323EE02}.Release|x86.Build.0 = Release|Win32
		{4D907E24-3CF0-4DD8-9B98-31991323EE02}.ReleaseSlow|x86.ActiveCfg = Release|Win32
		{4D907E24-3CF0-4DD8-9B98-31991323EE02}.ReleaseSlow|x86.Build.0 = Release|Win32
		{B4D27076-800C-44F5-8BE2-CB7A650969F4}.Capture|x86.ActiveCfg = Release|Win32
		{B4D27076-800C-44F5-8BE2-CB7A650969F4}.Capture|x86.Build.0 = Release|Win32
		{B4D27076-800C-44F5-8BE2-CB7A650969F4}.Debug|x86.ActiveCfg = Debug|Win32
		{B4D27076-800C-44F5-8BE2-CB7A650969F4}.Debug|x86.Build.0 = Debug|Win32
		{B4D27076-800C-44F5-8BE2-CB7A650969F4}.Release|x86.ActiveCfg = Release|Win32
		{B4D27076-800C-44F5-8BE2-CB7A650969F4}.Release|x86.Build.0 = Release|Win32
		{B4D27076-800C-44F5-8BE2-CB7A650969F4}.ReleaseSlow|x86.ActiveCfg = Release|Win32
		{B4D27076-800C-44F5-8BE2-CB7A650969F4}.ReleaseSlow|x86.Build.0 = Release|Win32
		{6251A0A8-3D3A-43FC-854B-0B517BB1EFBD}.Capture|x86.ActiveCfg = Capture|Win32
		{6251A0A8-3D3A-43FC-854B-0B517BB1EFBD}.Capture|x86.Build.0 = Capture|Win32
		{6251A0A8-3D3A-43FC-854B-0B517BB1EFBD}.Debug|x86.ActiveCfg = Debug|Win32
		{6251A0A8-3D3A-43FC-854B-0B517BB1EFBD}.Debug|x86.Build.0 = Debug|Win32
		{6251A0A8-3D3A-43FC-854B-0B517BB1EFBD}.Release|x86.ActiveCfg = Release|Win32
		{6251A0A8-3D3A-43FC-854B-0B517BB1EFBD}.Release|x86.Build.0 = Release|Win32
		{6251A0A8-3D3A-43FC-854B-0B517BB1EFBD}.ReleaseSlow|x86.ActiveCfg = ReleaseSlow|Win32
		{6251A0A8-3D3A-43FC-854B-0B517BB1EFBD}.ReleaseSlow|x86.Build.0 = ReleaseSlow|Win32
		{AF95D3DD-C930-4615-A703-CBD8F08140BA}.Capture|x86.ActiveCfg = Capture|Win32
		{AF95D3DD-C930-4615-A703-CBD8F08140BA}.Capture|x86.Build.0 = Capture|Win32
		{AF95D3DD-C930-4615-A703-CBD8F08140BA}.Debug|x86.ActiveCfg = Debug|Win32
		{AF95D3DD-C930-4615-A703-CBD8F08140BA}.Debug|x86.Build.0 = Debug|Win32
		{AF95D3DD-C930-4615-A703-CBD8F08140BA}.Release|x86.ActiveCfg = Release|Win32
		{AF95D3DD-C930-4615-A703-CBD8F08140BA}.Release|x86.Build.0 = Release|Win32
		{AF95D3DD-C930-4615-A703-CBD8F08140BA}.ReleaseSlow|x86.ActiveCfg = ReleaseSlow|Win32
		{AF95D3DD-C930-4615-A703-CBD8F08140BA}.ReleaseSlow|x86.Build.0 = ReleaseSlow|Win32
	EndGlobalSection
	GlobalSection(SolutionProperties) = preSolution
		HideSolutionNode = FALSE
	EndGlobalSection
EndGlobal
