
Microsoft Visual Studio Solution File, Format Version 12.00
# Visual Studio 14
VisualStudioVersion = 14.0.25420.1
MinimumVisualStudioVersion = 10.0.40219.1
Project("{8BC9CEB8-8B4A-11D0-8D11-00A0C91BC942}") = "yo24", "yo24.vcxproj", "{4697D2A5-0BA3-4305-960C-C1405D38894A}"
	ProjectSection(ProjectDependencies) = postProject
		{AE72AEE9-DF77-44BF-9D06-D43694780EC8} = {AE72AEE9-DF77-44BF-9D06-D43694780EC8}
	EndProjectSection
EndProject
Project("{8BC9CEB8-8B4A-11D0-8D11-00A0C91BC942}") = "timepack", "timepack.vcxproj", "{AE72AEE9-DF77-44BF-9D06-D43694780EC8}"
EndProject
Project("{8BC9CEB8-8B4A-11D0-8D11-00A0C91BC942}") = "tool", "tool\tool.vcxproj", "{4D907E24-3CF0-4DD8-9B98-31991323EE02}"
EndProject
Project("{8BC9CEB8-8B4A-11D0-8D11-00A0C91BC942}") = "lfmodel_test", "lfmodel_test\lfmodel_test.vcxproj", "{D046C327-7990-4F3E-82F6-89D6B7B1F8F6}"
EndProject
Global
	GlobalSection(SolutionConfigurationPlatforms) = preSolution
		Capture|x64 = Capture|x64
		Capture|x86 = Capture|x86
		Debug|x64 = Debug|x64
		Debug|x86 = Debug|x86
		Release|x64 = Release|x64
		Release|x86 = Release|x86
		ReleaseFast|x64 = ReleaseFast|x64
		ReleaseFast|x86 = ReleaseFast|x86
		ReleaseFastShaderDebug|x64 = ReleaseFastShaderDebug|x64
		ReleaseFastShaderDebug|x86 = ReleaseFastShaderDebug|x86
	EndGlobalSection
	GlobalSection(ProjectConfigurationPlatforms) = postSolution
		{4697D2A5-0BA3-4305-960C-C1405D38894A}.Capture|x64.ActiveCfg = Capture|Win32
		{4697D2A5-0BA3-4305-960C-C1405D38894A}.Capture|x86.ActiveCfg = Capture|Win32
		{4697D2A5-0BA3-4305-960C-C1405D38894A}.Capture|x86.Build.0 = Capture|Win32
		{4697D2A5-0BA3-4305-960C-C1405D38894A}.Debug|x64.ActiveCfg = Debug|Win32
		{4697D2A5-0BA3-4305-960C-C1405D38894A}.Debug|x86.ActiveCfg = Debug|Win32
		{4697D2A5-0BA3-4305-960C-C1405D38894A}.Debug|x86.Build.0 = Debug|Win32
		{4697D2A5-0BA3-4305-960C-C1405D38894A}.Release|x64.ActiveCfg = Release|Win32
		{4697D2A5-0BA3-4305-960C-C1405D38894A}.Release|x86.ActiveCfg = Release|Win32
		{4697D2A5-0BA3-4305-960C-C1405D38894A}.Release|x86.Build.0 = Release|Win32
		{4697D2A5-0BA3-4305-960C-C1405D38894A}.ReleaseFast|x64.ActiveCfg = ReleaseFast|Win32
		{4697D2A5-0BA3-4305-960C-C1405D38894A}.ReleaseFast|x86.ActiveCfg = ReleaseFast|Win32
		{4697D2A5-0BA3-4305-960C-C1405D38894A}.ReleaseFast|x86.Build.0 = ReleaseFast|Win32
		{4697D2A5-0BA3-4305-960C-C1405D38894A}.ReleaseFastShaderDebug|x64.ActiveCfg = ReleaseFastShaderDebug|Win32
		{4697D2A5-0BA3-4305-960C-C1405D38894A}.ReleaseFastShaderDebug|x86.ActiveCfg = ReleaseFastShaderDebug|Win32
		{4697D2A5-0BA3-4305-960C-C1405D38894A}.ReleaseFastShaderDebug|x86.Build.0 = ReleaseFastShaderDebug|Win32
		{AE72AEE9-DF77-44BF-9D06-D43694780EC8}.Capture|x64.ActiveCfg = Release|x64
		{AE72AEE9-DF77-44BF-9D06-D43694780EC8}.Capture|x64.Build.0 = Release|x64
		{AE72AEE9-DF77-44BF-9D06-D43694780EC8}.Capture|x86.ActiveCfg = Release|Win32
		{AE72AEE9-DF77-44BF-9D06-D43694780EC8}.Capture|x86.Build.0 = Release|Win32
		{AE72AEE9-DF77-44BF-9D06-D43694780EC8}.Debug|x64.ActiveCfg = Debug|x64
		{AE72AEE9-DF77-44BF-9D06-D43694780EC8}.Debug|x64.Build.0 = Debug|x64
		{AE72AEE9-DF77-44BF-9D06-D43694780EC8}.Debug|x86.ActiveCfg = Debug|Win32
		{AE72AEE9-DF77-44BF-9D06-D43694780EC8}.Debug|x86.Build.0 = Debug|Win32
		{AE72AEE9-DF77-44BF-9D06-D43694780EC8}.Release|x64.ActiveCfg = Release|x64
		{AE72AEE9-DF77-44BF-9D06-D43694780EC8}.Release|x64.Build.0 = Release|x64
		{AE72AEE9-DF77-44BF-9D06-D43694780EC8}.Release|x86.ActiveCfg = Release|Win32
		{AE72AEE9-DF77-44BF-9D06-D43694780EC8}.Release|x86.Build.0 = Release|Win32
		{AE72AEE9-DF77-44BF-9D06-D43694780EC8}.ReleaseFast|x64.ActiveCfg = Release|x64
		{AE72AEE9-DF77-44BF-9D06-D43694780EC8}.ReleaseFast|x64.Build.0 = Release|x64
		{AE72AEE9-DF77-44BF-9D06-D43694780EC8}.ReleaseFast|x86.ActiveCfg = Release|Win32
		{AE72AEE9-DF77-44BF-9D06-D43694780EC8}.ReleaseFast|x86.Build.0 = Release|Win32
		{AE72AEE9-DF77-44BF-9D06-D43694780EC8}.ReleaseFastShaderDebug|x64.ActiveCfg = Release|x64
		{AE72AEE9-DF77-44BF-9D06-D43694780EC8}.ReleaseFastShaderDebug|x64.Build.0 = Release|x64
		{AE72AEE9-DF77-44BF-9D06-D43694780EC8}.ReleaseFastShaderDebug|x86.ActiveCfg = Release|Win32
		{AE72AEE9-DF77-44BF-9D06-D43694780EC8}.ReleaseFastShaderDebug|x86.Build.0 = Release|Win32
		{4D907E24-3CF0-4DD8-9B98-31991323EE02}.Capture|x64.ActiveCfg = Release|x64
		{4D907E24-3CF0-4DD8-9B98-31991323EE02}.Capture|x64.Build.0 = Release|x64
		{4D907E24-3CF0-4DD8-9B98-31991323EE02}.Capture|x86.ActiveCfg = Release|Win32
		{4D907E24-3CF0-4DD8-9B98-31991323EE02}.Capture|x86.Build.0 = Release|Win32
		{4D907E24-3CF0-4DD8-9B98-31991323EE02}.Debug|x64.ActiveCfg = Debug|x64
		{4D907E24-3CF0-4DD8-9B98-31991323EE02}.Debug|x64.Build.0 = Debug|x64
		{4D907E24-3CF0-4DD8-9B98-31991323EE02}.Debug|x86.ActiveCfg = Debug|Win32
		{4D907E24-3CF0-4DD8-9B98-31991323EE02}.Debug|x86.Build.0 = Debug|Win32
		{4D907E24-3CF0-4DD8-9B98-31991323EE02}.Release|x64.ActiveCfg = Release|x64
		{4D907E24-3CF0-4DD8-9B98-31991323EE02}.Release|x64.Build.0 = Release|x64
		{4D907E24-3CF0-4DD8-9B98-31991323EE02}.Release|x86.ActiveCfg = Release|Win32
		{4D907E24-3CF0-4DD8-9B98-31991323EE02}.Release|x86.Build.0 = Release|Win32
		{4D907E24-3CF0-4DD8-9B98-31991323EE02}.ReleaseFast|x64.ActiveCfg = Release|x64
		{4D907E24-3CF0-4DD8-9B98-31991323EE02}.ReleaseFast|x64.Build.0 = Release|x64
		{4D907E24-3CF0-4DD8-9B98-31991323EE02}.ReleaseFast|x86.ActiveCfg = Release|Win32
		{4D907E24-3CF0-4DD8-9B98-31991323EE02}.ReleaseFast|x86.Build.0 = Release|Win32
		{4D907E24-3CF0-4DD8-9B98-31991323EE02}.ReleaseFastShaderDebug|x64.ActiveCfg = Release|x64
		{4D907E24-3CF0-4DD8-9B98-31991323EE02}.ReleaseFastShaderDebug|x64.Build.0 = Release|x64
		{4D907E24-3CF0-4DD8-9B98-31991323EE02}.ReleaseFastShaderDebug|x86.ActiveCfg = Release|Win32
		{4D907E24-3CF0-4DD8-9B98-31991323EE02}.ReleaseFastShaderDebug|x86.Build.0 = Release|Win32
		{D046C327-7990-4F3E-82F6-89D6B7B1F8F6}.Capture|x64.ActiveCfg = Release|x64
		{D046C327-7990-4F3E-82F6-89D6B7B1F8F6}.Capture|x64.Build.0 = Release|x64
		{D046C327-7990-4F3E-82F6-89D6B7B1F8F6}.Capture|x86.ActiveCfg = Release|Win32
		{D046C327-7990-4F3E-82F6-89D6B7B1F8F6}.Capture|x86.Build.0 = Release|Win32
		{D046C327-7990-4F3E-82F6-89D6B7B1F8F6}.Debug|x64.ActiveCfg = Debug|x64
		{D046C327-7990-4F3E-82F6-89D6B7B1F8F6}.Debug|x64.Build.0 = Debug|x64
		{D046C327-7990-4F3E-82F6-89D6B7B1F8F6}.Debug|x86.ActiveCfg = Debug|Win32
		{D046C327-7990-4F3E-82F6-89D6B7B1F8F6}.Debug|x86.Build.0 = Debug|Win32
		{D046C327-7990-4F3E-82F6-89D6B7B1F8F6}.Release|x64.ActiveCfg = Release|x64
		{D046C327-7990-4F3E-82F6-89D6B7B1F8F6}.Release|x64.Build.0 = Release|x64
		{D046C327-7990-4F3E-82F6-89D6B7B1F8F6}.Release|x86.ActiveCfg = Release|Win32
		{D046C327-7990-4F3E-82F6-89D6B7B1F8F6}.Release|x86.Build.0 = Release|Win32
		{D046C327-7990-4F3E-82F6-89D6B7B1F8F6}.ReleaseFast|x64.ActiveCfg = Release|x64
		{D046C327-7990-4F3E-82F6-89D6B7B1F8F6}.ReleaseFast|x64.Build.0 = Release|x64
		{D046C327-7990-4F3E-82F6-89D6B7B1F8F6}.ReleaseFast|x86.ActiveCfg = Release|Win32
		{D046C327-7990-4F3E-82F6-89D6B7B1F8F6}.ReleaseFast|x86.Build.0 = Release|Win32
		{D046C327-7990-4F3E-82F6-89D6B7B1F8F6}.ReleaseFastShaderDebug|x64.ActiveCfg = Release|x64
		{D046C327-7990-4F3E-82F6-89D6B7B1F8F6}.ReleaseFastShaderDebug|x64.Build.0 = Release|x64
		{D046C327-7990-4F3E-82F6-89D6B7B1F8F6}.ReleaseFastShaderDebug|x86.ActiveCfg = Release|Win32
		{D046C327-7990-4F3E-82F6-89D6B7B1F8F6}.ReleaseFastShaderDebug|x86.Build.0 = Release|Win32
	EndGlobalSection
	GlobalSection(SolutionProperties) = preSolution
		HideSolutionNode = FALSE
	EndGlobalSection
EndGlobal
