<?xml version="1.0" encoding="utf-8"?>
<Project ToolsVersion="4.0" xmlns="http://schemas.microsoft.com/developer/msbuild/2003">
  <ItemGroup>
    <Filter Include="Файлы исходного кода">
      <UniqueIdentifier>{4FC737F1-C7A5-4376-A066-2A32D752A2FF}</UniqueIdentifier>
      <Extensions>cpp;c;cc;cxx;def;odl;idl;hpj;bat;asm;asmx</Extensions>
    </Filter>
    <Filter Include="Заголовочные файлы">
      <UniqueIdentifier>{93995380-89BD-4b04-88EB-625FBE52EBFB}</UniqueIdentifier>
      <Extensions>h;hh;hpp;hxx;hm;inl;inc;xsd</Extensions>
    </Filter>
    <Filter Include="Файлы ресурсов">
      <UniqueIdentifier>{67DA6AB6-F800-4c08-8B7A-83BB121AAD01}</UniqueIdentifier>
      <Extensions>rc;ico;cur;bmp;dlg;rc2;rct;bin;rgs;gif;jpg;jpeg;jpe;resx;tiff;tif;png;wav;mfcribbon-ms</Extensions>
    </Filter>
  </ItemGroup>
  <ItemGroup>
    <ClInclude Include="post.h">
      <Filter>Заголовочные файлы</Filter>
    </ClInclude>
    <ClInclude Include="raymarch.h">
      <Filter>Заголовочные файлы</Filter>
    </ClInclude>
    <ClInclude Include="glext.h">
      <Filter>Заголовочные файлы</Filter>
    </ClInclude>
    <ClInclude Include="music\4klang.h">
      <Filter>Заголовочные файлы</Filter>
    </ClInclude>
    <ClInclude Include="timeline.h">
      <Filter>Заголовочные файлы</Filter>
    </ClInclude>
    <ClInclude Include="blur_reflection.h">
      <Filter>Заголовочные файлы</Filter>
    </ClInclude>
    <ClInclude Include="blur_reflection2.h">
      <Filter>Заголовочные файлы</Filter>
    </ClInclude>
    <ClInclude Include="composite.h">
      <Filter>Заголовочные файлы</Filter>
    </ClInclude>
    <ClInclude Include="dof_tap.h">
      <Filter>Заголовочные файлы</Filter>
    </ClInclude>
    <ClInclude Include="header.h">
      <Filter>Заголовочные файлы</Filter>
    </ClInclude>
    <ClInclude Include="header_fixed.h">
      <Filter>Заголовочные файлы</Filter>
    </ClInclude>
  </ItemGroup>
  <ItemGroup>
    <None Include="music\4klang.inc">
      <Filter>Заголовочные файлы</Filter>
    </None>
  </ItemGroup>
  <ItemGroup>
    <ClCompile Include="yo24.c">
      <Filter>Файлы исходного кода</Filter>
    </ClCompile>
  </ItemGroup>
  <ItemGroup>
    <Object Include="music\4klang.obj" />
  </ItemGroup>
  <ItemGroup>
    <CustomBuild Include="timeline.seq" />
    <CustomBuild Include="*.glsl" />
    <CustomBuild Include="*.glsl" />
    <CustomBuild Include="*.glsl" />
    <CustomBuild Include="*.glsl" />
    <CustomBuild Include="*.glsl" />
    <CustomBuild Include="*.glsl" />
    <CustomBuild Include="*.glsl" />
    <CustomBuild Include="*.glsl" />
    <CustomBuild Include="*.glsl" />
    <CustomBuild Include="*.glsl" />
    <CustomBuild Include="*.glsl" />
    <CustomBuild Include="*.glsl" />
    <CustomBuild Include="*.glsl" />
    <CustomBuild Include="*.glsl" />
    <CustomBuild Include="*.glsl" />
    <CustomBuild Include="*.glsl" />
    <CustomBuild Include="*.glsl" />
    <CustomBuild Include="*.glsl" />
    <CustomBuild Include="*.glsl" />
    <CustomBuild Include="*.glsl" />
    <CustomBuild Include="*.glsl" />
    <CustomBuild Include="*.glsl" />
    <CustomBuild Include="*.glsl" />
    <CustomBuild Include="*.glsl" />
    <CustomBuild Include="*.glsl" />
    <CustomBuild Include="*.glsl" />
    <CustomBuild Include="*.glsl" />
    <CustomBuild Include="*.glsl" />
    <CustomBuild Include="*.glsl" />
    <CustomBuild Include="*.glsl" />
    <CustomBuild Include="*.glsl" />
    <CustomBuild Include="*.glsl" />
    <CustomBuild Include="*.glsl" />
    <CustomBuild Include="*.glsl" />
    <CustomBuild Include="*.glsl" />
  </ItemGroup>
  <ItemGroup>
    <MASM Include="yo24.asm">
      <Filter>Файлы исходного кода</Filter>
    </MASM>
  </ItemGroup>
</Project>